
Microsoft Visual Studio Solution File, Format Version 12.00
# Visual Studio Version 17
VisualStudioVersion = 17.5.33516.290
MinimumVisualStudioVersion = 10.0.40219.1
Project("{9A19103F-16F7-4668-BE54-9A1E7A4F7556}") = "eShop.WebApp", "eShop.WebApp\eShop.WebApp.csproj", "{85E5C762-5406-407D-9BB6-E9F362DD7D83}"
EndProject
Project("{9A19103F-16F7-4668-BE54-9A1E7A4F7556}") = "eShop.Data", "eShop.Data\eShop.Data.csproj", "{85911230-7BF6-4BA9-B2F9-037F920097C0}"
EndProject
Project("{9A19103F-16F7-4668-BE54-9A1E7A4F7556}") = "eShop.Application", "eShop.Application\eShop.Application.csproj", "{D97ABB74-5E97-40E2-90E4-1AF6AA91C7CA}"
EndProject
Project("{9A19103F-16F7-4668-BE54-9A1E7A4F7556}") = "eShop.Utilities", "EShop.Utilities\eShop.Utilities.csproj", "{850FDC0C-749C-4F5A-A695-2ABF81C09A13}"
EndProject
Project("{9A19103F-16F7-4668-BE54-9A1E7A4F7556}") = "eShop.ViewModels", "EShop.ViewModels\eShop.ViewModels.csproj", "{2ED8243F-64C2-4657-BD5E-373F6F3F179B}"
EndProject
Project("{9A19103F-16F7-4668-BE54-9A1E7A4F7556}") = "eShop.BackendApi", "eShop.BackendApi\eShop.BackendApi.csproj", "{C74CB5B0-F677-4B7F-9F34-5D5E827558DC}"
EndProject
Project("{2150E333-8FDC-42A3-9474-1A3956D46DE8}") = "Solution Items", "Solution Items", "{E608D657-599F-4AD9-B03D-F47D5D0F395C}"
	ProjectSection(SolutionItems) = preProject
		.editorconfig = .editorconfig
	EndProjectSection
EndProject
Project("{9A19103F-16F7-4668-BE54-9A1E7A4F7556}") = "eShop.AdminApp", "eShop.AdminApp\eShop.AdminApp.csproj", "{EA44C50E-EE9A-4BC5-9945-08E82D6AC068}"
EndProject
Project("{9A19103F-16F7-4668-BE54-9A1E7A4F7556}") = "eShop.ApiIntegration", "eShop.ApiIntegration\eShop.ApiIntegration.csproj", "{BAC6BDD7-52EF-40EF-858A-5BB5A0437939}"
EndProject
Global
	GlobalSection(SolutionConfigurationPlatforms) = preSolution
		Debug|Any CPU = Debug|Any CPU
		Release|Any CPU = Release|Any CPU
	EndGlobalSection
	GlobalSection(ProjectConfigurationPlatforms) = postSolution
		{85E5C762-5406-407D-9BB6-E9F362DD7D83}.Debug|Any CPU.ActiveCfg = Debug|Any CPU
		{85E5C762-5406-407D-9BB6-E9F362DD7D83}.Debug|Any CPU.Build.0 = Debug|Any CPU
		{85E5C762-5406-407D-9BB6-E9F362DD7D83}.Release|Any CPU.ActiveCfg = Release|Any CPU
		{85E5C762-5406-407D-9BB6-E9F362DD7D83}.Release|Any CPU.Build.0 = Release|Any CPU
		{85911230-7BF6-4BA9-B2F9-037F920097C0}.Debug|Any CPU.ActiveCfg = Debug|Any CPU
		{85911230-7BF6-4BA9-B2F9-037F920097C0}.Debug|Any CPU.Build.0 = Debug|Any CPU
		{85911230-7BF6-4BA9-B2F9-037F920097C0}.Release|Any CPU.ActiveCfg = Release|Any CPU
		{85911230-7BF6-4BA9-B2F9-037F920097C0}.Release|Any CPU.Build.0 = Release|Any CPU
		{D97ABB74-5E97-40E2-90E4-1AF6AA91C7CA}.Debug|Any CPU.ActiveCfg = Debug|Any CPU
		{D97ABB74-5E97-40E2-90E4-1AF6AA91C7CA}.Debug|Any CPU.Build.0 = Debug|Any CPU
		{D97ABB74-5E97-40E2-90E4-1AF6AA91C7CA}.Release|Any CPU.ActiveCfg = Release|Any CPU
		{D97ABB74-5E97-40E2-90E4-1AF6AA91C7CA}.Release|Any CPU.Build.0 = Release|Any CPU
		{850FDC0C-749C-4F5A-A695-2ABF81C09A13}.Debug|Any CPU.ActiveCfg = Debug|Any CPU
		{850FDC0C-749C-4F5A-A695-2ABF81C09A13}.Debug|Any CPU.Build.0 = Debug|Any CPU
		{850FDC0C-749C-4F5A-A695-2ABF81C09A13}.Release|Any CPU.ActiveCfg = Release|Any CPU
		{850FDC0C-749C-4F5A-A695-2ABF81C09A13}.Release|Any CPU.Build.0 = Release|Any CPU
		{2ED8243F-64C2-4657-BD5E-373F6F3F179B}.Debug|Any CPU.ActiveCfg = Debug|Any CPU
		{2ED8243F-64C2-4657-BD5E-373F6F3F179B}.Debug|Any CPU.Build.0 = Debug|Any CPU
		{2ED8243F-64C2-4657-BD5E-373F6F3F179B}.Release|Any CPU.ActiveCfg = Release|Any CPU
		{2ED8243F-64C2-4657-BD5E-373F6F3F179B}.Release|Any CPU.Build.0 = Release|Any CPU
		{C74CB5B0-F677-4B7F-9F34-5D5E827558DC}.Debug|Any CPU.ActiveCfg = Debug|Any CPU
		{C74CB5B0-F677-4B7F-9F34-5D5E827558DC}.Debug|Any CPU.Build.0 = Debug|Any CPU
		{C74CB5B0-F677-4B7F-9F34-5D5E827558DC}.Release|Any CPU.ActiveCfg = Release|Any CPU
		{C74CB5B0-F677-4B7F-9F34-5D5E827558DC}.Release|Any CPU.Build.0 = Release|Any CPU
		{EA44C50E-EE9A-4BC5-9945-08E82D6AC068}.Debug|Any CPU.ActiveCfg = Debug|Any CPU
		{EA44C50E-EE9A-4BC5-9945-08E82D6AC068}.Debug|Any CPU.Build.0 = Debug|Any CPU
		{EA44C50E-EE9A-4BC5-9945-08E82D6AC068}.Release|Any CPU.ActiveCfg = Release|Any CPU
		{EA44C50E-EE9A-4BC5-9945-08E82D6AC068}.Release|Any CPU.Build.0 = Release|Any CPU
		{BAC6BDD7-52EF-40EF-858A-5BB5A0437939}.Debug|Any CPU.ActiveCfg = Debug|Any CPU
		{BAC6BDD7-52EF-40EF-858A-5BB5A0437939}.Debug|Any CPU.Build.0 = Debug|Any CPU
		{BAC6BDD7-52EF-40EF-858A-5BB5A0437939}.Release|Any CPU.ActiveCfg = Release|Any CPU
		{BAC6BDD7-52EF-40EF-858A-5BB5A0437939}.Release|Any CPU.Build.0 = Release|Any CPU
	EndGlobalSection
	GlobalSection(SolutionProperties) = preSolution
		HideSolutionNode = FALSE
	EndGlobalSection
	GlobalSection(ExtensibilityGlobals) = postSolution
		SolutionGuid = {A7D088B8-3444-4EF0-B283-1A630E6C5813}
	EndGlobalSection
EndGlobal
