
Microsoft Visual Studio Solution File, Format Version 12.00
# Visual Studio Version 17
VisualStudioVersion = 17.5.33516.290
MinimumVisualStudioVersion = 10.0.40219.1
Project("{FAE04EC0-301F-11D3-BF4B-00C04F79EFBC}") = "eShop", "eShop\eShop.csproj", "{46548853-F311-4778-8533-4C4BB07E0908}"
EndProject
Global
	GlobalSection(SolutionConfigurationPlatforms) = preSolution
		Debug|Any CPU = Debug|Any CPU
		Release|Any CPU = Release|Any CPU
	EndGlobalSection
	GlobalSection(ProjectConfigurationPlatforms) = postSolution
		{46548853-F311-4778-8533-4C4BB07E0908}.Debug|Any CPU.ActiveCfg = Debug|Any CPU
		{46548853-F311-4778-8533-4C4BB07E0908}.Debug|Any CPU.Build.0 = Debug|Any CPU
		{46548853-F311-4778-8533-4C4BB07E0908}.Release|Any CPU.ActiveCfg = Release|Any CPU
		{46548853-F311-4778-8533-4C4BB07E0908}.Release|Any CPU.Build.0 = Release|Any CPU
	EndGlobalSection
	GlobalSection(SolutionProperties) = preSolution
		HideSolutionNode = FALSE
	EndGlobalSection
	GlobalSection(ExtensibilityGlobals) = postSolution
		SolutionGuid = {A7D088B8-3444-4EF0-B283-1A630E6C5813}
	EndGlobalSection
EndGlobal
